# CPython 3.12.9 / Linux x86_64 / glibc>=2.28; official PyPI wheel metadata, exact existing graph.
aiohappyeyeballs==2.7.1 --hash=sha256:9243213661e29250eb41368e5daa826fc017156c3b8a11440826b2e3ed376472
aiohttp==3.14.3 --hash=sha256:543906c127fb1d929b95076db19b83fa2d46751006ff1e23b093aa5ac4d8db42
aiosignal==1.4.0 --hash=sha256:053243f8b92b990551949e63930a839ff0cf0b0ebbe0597b0f3fb19e1a0fe82e
annotated-types==0.8.0 --hash=sha256:f072f4d804ea359e4eaf198b1af7a8b0943881a87f31bb764f8bf219bb9419e0
attrs==26.1.0 --hash=sha256:c647aa4a12dfbad9333ca4e71fe62ddc36f4e63b2d260a37a8b83d2f043ac309
bitarray==3.11.0 --hash=sha256:52741a1d24a3723a8151259906cf1befeaf3d4ccf7d3e27e8be4334590b59bcd
cbor2==6.1.4 --hash=sha256:310f3dfb296ba48fe9b63c5cf26e691e3548a1eae6901d2f0c18e941d151f220
certifi==2026.7.22 --hash=sha256:62f22742b58a1a33014a2b6b706588a8d7e2a88ae7bd1a6ebe8c992928483775
charset-normalizer==3.5.1 --hash=sha256:b9af956078716df40d985fb0dfeb2c2120c5ca92ba4ff4b388acfd01cdc14d08
ckzg==2.1.8 --hash=sha256:10339d23e36b8a0a4e6fda7f6c72d6b2fd4e1506f7b64a661ba8c706ee33f335
crytic-compile==0.3.11 --hash=sha256:10f99c5f03ab124a14603093d65e534b58f078999bc3a39997cb3588fa82f80b
cytoolz==1.1.0 --hash=sha256:c7a98deb11ccd8e5d9f9441ef2ff3352aab52226a2b7d04756caaa53cd612363
eth_abi==6.0.0 --hash=sha256:05ad63b50bd5448cfac0079b3cc5464de7464b4336a2496bf368d5808c7f9e9f
eth-account==0.14.0 --hash=sha256:efdcb57f32f133e9152510e44772a4bcfe519317dfd8f7e7c5ead8189f73a2b6
eth-hash==0.8.0 --hash=sha256:523718a51b369ab89866b929a5c93c52978cd866ea309192ad980dd8271f9fac
eth-keyfile==0.10.0 --hash=sha256:6b8b1e2528ecd3c53f9f733c061a8ddc7aa40b689f15c2f38b73ee6fc5d274fd
eth-keys==0.8.0 --hash=sha256:a7b94222638cccbdf2b5dae5c365d883a96826d82bb0faeb56baa65375f514ae
eth-rlp==3.0.0 --hash=sha256:32f355261c36ad2c369db098170f873123795667e50d496b034f369e2c9d2346
eth-typing==6.0.0 --hash=sha256:ee74fb641eb36dd885e1c42c2a3055314efa532b3e71480816df70a94d35cfb9
eth-utils==6.0.0 --hash=sha256:63cf48ee32c45541cb5748751909a8345c470432fb6f0fed4bd7c53fd6400469
frozenlist==1.8.0 --hash=sha256:494a5952b1c597ba44e0e78113a7266e656b9794eec897b19ead706bd7074383
hexbytes==2.0.0 --hash=sha256:5425bd7ac83cdd9791c13a5bf97cfe9b9609a304b1ef3ab146adfd50de06cf0e
idna==3.19 --hash=sha256:815e7be7a7806d54abb586dc943addc79e8b2ee16915059658cbeff4b1b43bf4
multidict==6.9.1 --hash=sha256:976fd7689d69ec78d67d31d38d396d8adb562f7e8368279f76aed4aa451fa06d
packaging==26.3 --hash=sha256:d7193f7c8e4e93f444fde0262bf90af30e16fa0ad0ad44cb553c87339b23cd1c
parsimonious==0.10.0 --hash=sha256:982ab435fabe86519b57f6b35610aa4e4e977e9f02a14353edf4bbc75369fc0f
prettytable==3.18.0 --hash=sha256:b3346e0e6f79180833aebaac088ae926340586cf6d7d991b9eb125b65f72313a
propcache==0.5.2 --hash=sha256:6f328175a2cde1f0ff2c4ed8ce968b9dcfb55f3a7153f39e2957ed994da13476
py-ecc==8.0.0 --hash=sha256:c0b2dfc4bde67a55122a392591a10e851a986d5128f680628c80b405f7663e13
pycryptodome==3.23.0 --hash=sha256:c8987bd3307a39bc03df5c8e0e3d8be0c4c3518b7f044b0f4c15d1aa78f52575
pydantic==2.13.5 --hash=sha256:346a034f080da3755d8e9cb5e00e8b07de1d39e4f6e2c87d8ab7cafa0b269a73
pydantic_core==2.46.5 --hash=sha256:0fc5be0abd4a407e200d844b404e33639a554e7bd0d448e7b9ae181be4789ac2
pyunormalize==17.0.0 --hash=sha256:f0d93b076f938db2b26d319d04f2b58505d1cd7a80b5b72badbe7d1aa4d2a31c
regex==2026.9.10 --hash=sha256:2e67f8843f0e4b931f1fa860bf3bbe4134b714c0155cc5c7c0d7ea450230aae0
requests==2.34.2 --hash=sha256:2a0d60c172f83ac6ab31e4554906c0f3b3588d37b5cb939b1c061f4907e278e0
rlp==5.0.0 --hash=sha256:9525fb895d3a6540b7401eadd11c1b64740a5eccb82e543ac7e9735d319b0977
slither-analyzer==0.11.3 --hash=sha256:16bf8208a6ec68fc405c212be2a01308ea713d4a6113d355d5325d03cb25d315
solc-select==1.2.0 --hash=sha256:dd00cab29229570c4399058852a4052f2120d87c7e341e35f04794a13cfdd1de
toolz==1.1.0 --hash=sha256:15ccc861ac51c53696de0a5d6d4607f99c210739caf987b5d2054f3efed429d8
types-requests==2.33.0.20260906 --hash=sha256:9f53622652bd921ead7a54d665be1b8d518165c8b51cc9d68d944cd6b6bfa8fb
typing_extensions==4.16.0 --hash=sha256:481caa481374e813c1b176ada14e97f1f67a4539ce9cfeb3f350d78d6370c2e8
typing-inspection==0.4.4 --hash=sha256:65b8397ba37ccbce054456aaccddfc91e6e3083c92824df348d96ca832f3f147
urllib3==2.8.0 --hash=sha256:0cf3cae568d36aa9576b28dfb35f11328f1cb974ca7647d9475ebb86c75ac6e3
wcwidth==0.8.3 --hash=sha256:d5b73dba6158a595ec9370350e7f2637bcac8d6c5e4fde34f30fcffb6103a5e4
web3==7.16.0 --hash=sha256:760b2718c473980d70708c3593d9d28395db4b482f45e38a63a36fa028178f51
websockets==15.0.1 --hash=sha256:64dee438fed052b52e4f98f76c5790513235efaa1ef7f3f2192c392cd7c91b65
yarl==1.24.5 --hash=sha256:f08c7513ecef5aad65687bfdf6bc601ae9fccd04a42904501f8f7141abad9eb9
